
Microsoft Visual Studio Solution File, Format Version 12.00
# Visual Studio Version 17
VisualStudioVersion = 17.0.31903.59
MinimumVisualStudioVersion = 10.0.40219.1
Project("{FAE04EC0-301F-11D3-BF4B-00C04F79EFBC}") = "SmoothOperator", "SmoothOperator\SmoothOperator.csproj", "{E29BF035-96A3-4A00-BB23-43EBEB64218D}"
EndProject
Project("{FAE04EC0-301F-11D3-BF4B-00C04F79EFBC}") = "VariousOperators", "VariousOperators\VariousOperators.csproj", "{69CAAD1C-7CB2-4C4E-9992-A47619149C0D}"
EndProject
Project("{FAE04EC0-301F-11D3-BF4B-00C04F79EFBC}") = "Cilindro", "Cilindro\Cilindro.csproj", "{3241E7B4-EF68-4375-9031-005C6F31BB38}"
EndProject
Project("{FAE04EC0-301F-11D3-BF4B-00C04F79EFBC}") = "ValoresEspeciais", "ValoresEspeciais\ValoresEspeciais.csproj", "{62B4CE7F-3C6B-4B68-B4B0-8AB767834745}"
EndProject
Project("{FAE04EC0-301F-11D3-BF4B-00C04F79EFBC}") = "IfExample", "IfExample\IfExample.csproj", "{6F85A9E9-6D53-4CF1-AC53-E3BA87BB6587}"
EndProject
Global
	GlobalSection(SolutionConfigurationPlatforms) = preSolution
		Debug|Any CPU = Debug|Any CPU
		Release|Any CPU = Release|Any CPU
	EndGlobalSection
	GlobalSection(SolutionProperties) = preSolution
		HideSolutionNode = FALSE
	EndGlobalSection
	GlobalSection(ProjectConfigurationPlatforms) = postSolution
		{E29BF035-96A3-4A00-BB23-43EBEB64218D}.Debug|Any CPU.ActiveCfg = Debug|Any CPU
		{E29BF035-96A3-4A00-BB23-43EBEB64218D}.Debug|Any CPU.Build.0 = Debug|Any CPU
		{E29BF035-96A3-4A00-BB23-43EBEB64218D}.Release|Any CPU.ActiveCfg = Release|Any CPU
		{E29BF035-96A3-4A00-BB23-43EBEB64218D}.Release|Any CPU.Build.0 = Release|Any CPU
		{69CAAD1C-7CB2-4C4E-9992-A47619149C0D}.Debug|Any CPU.ActiveCfg = Debug|Any CPU
		{69CAAD1C-7CB2-4C4E-9992-A47619149C0D}.Debug|Any CPU.Build.0 = Debug|Any CPU
		{69CAAD1C-7CB2-4C4E-9992-A47619149C0D}.Release|Any CPU.ActiveCfg = Release|Any CPU
		{69CAAD1C-7CB2-4C4E-9992-A47619149C0D}.Release|Any CPU.Build.0 = Release|Any CPU
		{3241E7B4-EF68-4375-9031-005C6F31BB38}.Debug|Any CPU.ActiveCfg = Debug|Any CPU
		{3241E7B4-EF68-4375-9031-005C6F31BB38}.Debug|Any CPU.Build.0 = Debug|Any CPU
		{3241E7B4-EF68-4375-9031-005C6F31BB38}.Release|Any CPU.ActiveCfg = Release|Any CPU
		{3241E7B4-EF68-4375-9031-005C6F31BB38}.Release|Any CPU.Build.0 = Release|Any CPU
		{62B4CE7F-3C6B-4B68-B4B0-8AB767834745}.Debug|Any CPU.ActiveCfg = Debug|Any CPU
		{62B4CE7F-3C6B-4B68-B4B0-8AB767834745}.Debug|Any CPU.Build.0 = Debug|Any CPU
		{62B4CE7F-3C6B-4B68-B4B0-8AB767834745}.Release|Any CPU.ActiveCfg = Release|Any CPU
		{62B4CE7F-3C6B-4B68-B4B0-8AB767834745}.Release|Any CPU.Build.0 = Release|Any CPU
		{6F85A9E9-6D53-4CF1-AC53-E3BA87BB6587}.Debug|Any CPU.ActiveCfg = Debug|Any CPU
		{6F85A9E9-6D53-4CF1-AC53-E3BA87BB6587}.Debug|Any CPU.Build.0 = Debug|Any CPU
		{6F85A9E9-6D53-4CF1-AC53-E3BA87BB6587}.Release|Any CPU.ActiveCfg = Release|Any CPU
		{6F85A9E9-6D53-4CF1-AC53-E3BA87BB6587}.Release|Any CPU.Build.0 = Release|Any CPU
	EndGlobalSection
EndGlobal
