
Microsoft Visual Studio Solution File, Format Version 12.00
# Visual Studio Version 17
VisualStudioVersion = 17.0.31903.59
MinimumVisualStudioVersion = 10.0.40219.1
Project("{FAE04EC0-301F-11D3-BF4B-00C04F79EFBC}") = "SmoothOperator", "SmoothOperator\SmoothOperator.csproj", "{C02F761E-C013-4EB3-AF6C-02061E2D34A7}"
EndProject
Project("{FAE04EC0-301F-11D3-BF4B-00C04F79EFBC}") = "Cilindro", "Cilindro\Cilindro.csproj", "{FFEE8235-860A-404E-8D63-8911F46795CE}"
EndProject
Project("{FAE04EC0-301F-11D3-BF4B-00C04F79EFBC}") = "ValoresEspeciais", "ValoresEspeciais\ValoresEspeciais.csproj", "{44EFA379-6D99-4F1B-A589-FC59F1008E46}"
EndProject
Project("{FAE04EC0-301F-11D3-BF4B-00C04F79EFBC}") = "IfExample", "IfExample\IfExample.csproj", "{11577742-EAB8-46FD-B7B1-A86FED3ACFE0}"
EndProject
Global
	GlobalSection(SolutionConfigurationPlatforms) = preSolution
		Debug|Any CPU = Debug|Any CPU
		Release|Any CPU = Release|Any CPU
	EndGlobalSection
	GlobalSection(SolutionProperties) = preSolution
		HideSolutionNode = FALSE
	EndGlobalSection
	GlobalSection(ProjectConfigurationPlatforms) = postSolution
		{C02F761E-C013-4EB3-AF6C-02061E2D34A7}.Debug|Any CPU.ActiveCfg = Debug|Any CPU
		{C02F761E-C013-4EB3-AF6C-02061E2D34A7}.Debug|Any CPU.Build.0 = Debug|Any CPU
		{C02F761E-C013-4EB3-AF6C-02061E2D34A7}.Release|Any CPU.ActiveCfg = Release|Any CPU
		{C02F761E-C013-4EB3-AF6C-02061E2D34A7}.Release|Any CPU.Build.0 = Release|Any CPU
		{FFEE8235-860A-404E-8D63-8911F46795CE}.Debug|Any CPU.ActiveCfg = Debug|Any CPU
		{FFEE8235-860A-404E-8D63-8911F46795CE}.Debug|Any CPU.Build.0 = Debug|Any CPU
		{FFEE8235-860A-404E-8D63-8911F46795CE}.Release|Any CPU.ActiveCfg = Release|Any CPU
		{FFEE8235-860A-404E-8D63-8911F46795CE}.Release|Any CPU.Build.0 = Release|Any CPU
		{44EFA379-6D99-4F1B-A589-FC59F1008E46}.Debug|Any CPU.ActiveCfg = Debug|Any CPU
		{44EFA379-6D99-4F1B-A589-FC59F1008E46}.Debug|Any CPU.Build.0 = Debug|Any CPU
		{44EFA379-6D99-4F1B-A589-FC59F1008E46}.Release|Any CPU.ActiveCfg = Release|Any CPU
		{44EFA379-6D99-4F1B-A589-FC59F1008E46}.Release|Any CPU.Build.0 = Release|Any CPU
		{11577742-EAB8-46FD-B7B1-A86FED3ACFE0}.Debug|Any CPU.ActiveCfg = Debug|Any CPU
		{11577742-EAB8-46FD-B7B1-A86FED3ACFE0}.Debug|Any CPU.Build.0 = Debug|Any CPU
		{11577742-EAB8-46FD-B7B1-A86FED3ACFE0}.Release|Any CPU.ActiveCfg = Release|Any CPU
		{11577742-EAB8-46FD-B7B1-A86FED3ACFE0}.Release|Any CPU.Build.0 = Release|Any CPU
	EndGlobalSection
EndGlobal
