
Microsoft Visual Studio Solution File, Format Version 12.00
# Visual Studio Version 17
VisualStudioVersion = 17.0.31903.59
MinimumVisualStudioVersion = 10.0.40219.1
Project("{FAE04EC0-301F-11D3-BF4B-00C04F79EFBC}") = "SmoothOperator", "SmoothOperator\SmoothOperator.csproj", "{E29BF035-96A3-4A00-BB23-43EBEB64218D}"
EndProject
Project("{FAE04EC0-301F-11D3-BF4B-00C04F79EFBC}") = "VariousOperators", "VariousOperators\VariousOperators.csproj", "{69CAAD1C-7CB2-4C4E-9992-A47619149C0D}"
EndProject
Project("{FAE04EC0-301F-11D3-BF4B-00C04F79EFBC}") = "Cilindro", "Cilindro\Cilindro.csproj", "{3241E7B4-EF68-4375-9031-005C6F31BB38}"
EndProject
Project("{FAE04EC0-301F-11D3-BF4B-00C04F79EFBC}") = "ValoresEspeciais", "ValoresEspeciais\ValoresEspeciais.csproj", "{62B4CE7F-3C6B-4B68-B4B0-8AB767834745}"
EndProject
Project("{FAE04EC0-301F-11D3-BF4B-00C04F79EFBC}") = "IfExample", "IfExample\IfExample.csproj", "{6F85A9E9-6D53-4CF1-AC53-E3BA87BB6587}"
EndProject
Project("{FAE04EC0-301F-11D3-BF4B-00C04F79EFBC}") = "ChatGPTZero", "ChatGPTZero\ChatGPTZero.csproj", "{456C25A5-6F9F-437B-82CD-464D487249A6}"
EndProject
Project("{FAE04EC0-301F-11D3-BF4B-00C04F79EFBC}") = "BreakContinue", "BreakContinue\BreakContinue.csproj", "{5BD567E0-4EE7-4DCD-A306-6F44E673243E}"
EndProject
Project("{FAE04EC0-301F-11D3-BF4B-00C04F79EFBC}") = "ChatGPTOne", "ChatGPTOne\ChatGPTOne.csproj", "{DE58EEF4-86A6-443C-A7E8-9BABB30D0E03}"
EndProject
Project("{FAE04EC0-301F-11D3-BF4B-00C04F79EFBC}") = "PerfectCountdown", "PerfectCountdown\PerfectCountdown.csproj", "{BB506C06-7C9C-4C30-B5B5-144E97AAA32A}"
EndProject
Global
	GlobalSection(SolutionConfigurationPlatforms) = preSolution
		Debug|Any CPU = Debug|Any CPU
		Release|Any CPU = Release|Any CPU
	EndGlobalSection
	GlobalSection(SolutionProperties) = preSolution
		HideSolutionNode = FALSE
	EndGlobalSection
	GlobalSection(ProjectConfigurationPlatforms) = postSolution
		{E29BF035-96A3-4A00-BB23-43EBEB64218D}.Debug|Any CPU.ActiveCfg = Debug|Any CPU
		{E29BF035-96A3-4A00-BB23-43EBEB64218D}.Debug|Any CPU.Build.0 = Debug|Any CPU
		{E29BF035-96A3-4A00-BB23-43EBEB64218D}.Release|Any CPU.ActiveCfg = Release|Any CPU
		{E29BF035-96A3-4A00-BB23-43EBEB64218D}.Release|Any CPU.Build.0 = Release|Any CPU
		{69CAAD1C-7CB2-4C4E-9992-A47619149C0D}.Debug|Any CPU.ActiveCfg = Debug|Any CPU
		{69CAAD1C-7CB2-4C4E-9992-A47619149C0D}.Debug|Any CPU.Build.0 = Debug|Any CPU
		{69CAAD1C-7CB2-4C4E-9992-A47619149C0D}.Release|Any CPU.ActiveCfg = Release|Any CPU
		{69CAAD1C-7CB2-4C4E-9992-A47619149C0D}.Release|Any CPU.Build.0 = Release|Any CPU
		{3241E7B4-EF68-4375-9031-005C6F31BB38}.Debug|Any CPU.ActiveCfg = Debug|Any CPU
		{3241E7B4-EF68-4375-9031-005C6F31BB38}.Debug|Any CPU.Build.0 = Debug|Any CPU
		{3241E7B4-EF68-4375-9031-005C6F31BB38}.Release|Any CPU.ActiveCfg = Release|Any CPU
		{3241E7B4-EF68-4375-9031-005C6F31BB38}.Release|Any CPU.Build.0 = Release|Any CPU
		{62B4CE7F-3C6B-4B68-B4B0-8AB767834745}.Debug|Any CPU.ActiveCfg = Debug|Any CPU
		{62B4CE7F-3C6B-4B68-B4B0-8AB767834745}.Debug|Any CPU.Build.0 = Debug|Any CPU
		{62B4CE7F-3C6B-4B68-B4B0-8AB767834745}.Release|Any CPU.ActiveCfg = Release|Any CPU
		{62B4CE7F-3C6B-4B68-B4B0-8AB767834745}.Release|Any CPU.Build.0 = Release|Any CPU
		{6F85A9E9-6D53-4CF1-AC53-E3BA87BB6587}.Debug|Any CPU.ActiveCfg = Debug|Any CPU
		{6F85A9E9-6D53-4CF1-AC53-E3BA87BB6587}.Debug|Any CPU.Build.0 = Debug|Any CPU
		{6F85A9E9-6D53-4CF1-AC53-E3BA87BB6587}.Release|Any CPU.ActiveCfg = Release|Any CPU
		{6F85A9E9-6D53-4CF1-AC53-E3BA87BB6587}.Release|Any CPU.Build.0 = Release|Any CPU
		{456C25A5-6F9F-437B-82CD-464D487249A6}.Debug|Any CPU.ActiveCfg = Debug|Any CPU
		{456C25A5-6F9F-437B-82CD-464D487249A6}.Debug|Any CPU.Build.0 = Debug|Any CPU
		{456C25A5-6F9F-437B-82CD-464D487249A6}.Release|Any CPU.ActiveCfg = Release|Any CPU
		{456C25A5-6F9F-437B-82CD-464D487249A6}.Release|Any CPU.Build.0 = Release|Any CPU
		{5BD567E0-4EE7-4DCD-A306-6F44E673243E}.Debug|Any CPU.ActiveCfg = Debug|Any CPU
		{5BD567E0-4EE7-4DCD-A306-6F44E673243E}.Debug|Any CPU.Build.0 = Debug|Any CPU
		{5BD567E0-4EE7-4DCD-A306-6F44E673243E}.Release|Any CPU.ActiveCfg = Release|Any CPU
		{5BD567E0-4EE7-4DCD-A306-6F44E673243E}.Release|Any CPU.Build.0 = Release|Any CPU
		{DE58EEF4-86A6-443C-A7E8-9BABB30D0E03}.Debug|Any CPU.ActiveCfg = Debug|Any CPU
		{DE58EEF4-86A6-443C-A7E8-9BABB30D0E03}.Debug|Any CPU.Build.0 = Debug|Any CPU
		{DE58EEF4-86A6-443C-A7E8-9BABB30D0E03}.Release|Any CPU.ActiveCfg = Release|Any CPU
		{DE58EEF4-86A6-443C-A7E8-9BABB30D0E03}.Release|Any CPU.Build.0 = Release|Any CPU
		{BB506C06-7C9C-4C30-B5B5-144E97AAA32A}.Debug|Any CPU.ActiveCfg = Debug|Any CPU
		{BB506C06-7C9C-4C30-B5B5-144E97AAA32A}.Debug|Any CPU.Build.0 = Debug|Any CPU
		{BB506C06-7C9C-4C30-B5B5-144E97AAA32A}.Release|Any CPU.ActiveCfg = Release|Any CPU
		{BB506C06-7C9C-4C30-B5B5-144E97AAA32A}.Release|Any CPU.Build.0 = Release|Any CPU
	EndGlobalSection
EndGlobal
